
Microsoft Visual Studio Solution File, Format Version 12.00
# Visual Studio Version 16
VisualStudioVersion = 16.0.31402.337
MinimumVisualStudioVersion = 10.0.40219.1
Project("{FAE04EC0-301F-11D3-BF4B-00C04F79EFBC}") = "FullBarAPI", "FullBarAPI\FullBarAPI.csproj", "{7D8D7F67-CF8A-4E7D-AF5E-3BC071FED2F0}"
EndProject
Global
	GlobalSection(SolutionConfigurationPlatforms) = preSolution
		Debug|Any CPU = Debug|Any CPU
		Release|Any CPU = Release|Any CPU
	EndGlobalSection
	GlobalSection(ProjectConfigurationPlatforms) = postSolution
		{7D8D7F67-CF8A-4E7D-AF5E-3BC071FED2F0}.Debug|Any CPU.ActiveCfg = Debug|Any CPU
		{7D8D7F67-CF8A-4E7D-AF5E-3BC071FED2F0}.Debug|Any CPU.Build.0 = Debug|Any CPU
		{7D8D7F67-CF8A-4E7D-AF5E-3BC071FED2F0}.Release|Any CPU.ActiveCfg = Release|Any CPU
		{7D8D7F67-CF8A-4E7D-AF5E-3BC071FED2F0}.Release|Any CPU.Build.0 = Release|Any CPU
	EndGlobalSection
	GlobalSection(SolutionProperties) = preSolution
		HideSolutionNode = FALSE
	EndGlobalSection
	GlobalSection(ExtensibilityGlobals) = postSolution
		SolutionGuid = {032E8940-A846-4699-A125-3BAF682ACB93}
	EndGlobalSection
EndGlobal
